
Microsoft Visual Studio Solution File, Format Version 12.00
# Visual Studio Version 17
VisualStudioVersion = 17.0.31903.59
MinimumVisualStudioVersion = 10.0.40219.1
Project("{FAE04EC0-301F-11D3-BF4B-00C04F79EFBC}") = "WebApi", "WebApi\WebApi.csproj", "{ED985111-EB7A-458A-BA3F-38609603C3D1}"
EndProject
Global
	GlobalSection(SolutionConfigurationPlatforms) = preSolution
		Debug|Any CPU = Debug|Any CPU
		Release|Any CPU = Release|Any CPU
	EndGlobalSection
	GlobalSection(ProjectConfigurationPlatforms) = postSolution
		{ED985111-EB7A-458A-BA3F-38609603C3D1}.Debug|Any CPU.ActiveCfg = Debug|Any CPU
		{ED985111-EB7A-458A-BA3F-38609603C3D1}.Debug|Any CPU.Build.0 = Debug|Any CPU
		{ED985111-EB7A-458A-BA3F-38609603C3D1}.Release|Any CPU.ActiveCfg = Release|Any CPU
		{ED985111-EB7A-458A-BA3F-38609603C3D1}.Release|Any CPU.Build.0 = Release|Any CPU
	EndGlobalSection
	GlobalSection(SolutionProperties) = preSolution
		HideSolutionNode = FALSE
	EndGlobalSection
	GlobalSection(ExtensibilityGlobals) = postSolution
		SolutionGuid = {4CBA7C3B-C867-4DB8-8CE7-E3DF83551C2F}
	EndGlobalSection
EndGlobal
